
Microsoft Visual Studio Solution File, Format Version 12.00
Project("{FAE04EC0-301F-11D3-BF4B-00C04F79EFBC}") = "IntroductionToCsharp", "IntroductionToCsharp\IntroductionToCsharp.csproj", "{A1667E1D-0640-4C36-921A-4C5B3D727DC5}"
EndProject
Global
	GlobalSection(SolutionConfigurationPlatforms) = preSolution
		Debug|Any CPU = Debug|Any CPU
		Release|Any CPU = Release|Any CPU
	EndGlobalSection
	GlobalSection(ProjectConfigurationPlatforms) = postSolution
		{A1667E1D-0640-4C36-921A-4C5B3D727DC5}.Debug|Any CPU.ActiveCfg = Debug|Any CPU
		{A1667E1D-0640-4C36-921A-4C5B3D727DC5}.Debug|Any CPU.Build.0 = Debug|Any CPU
		{A1667E1D-0640-4C36-921A-4C5B3D727DC5}.Release|Any CPU.ActiveCfg = Release|Any CPU
		{A1667E1D-0640-4C36-921A-4C5B3D727DC5}.Release|Any CPU.Build.0 = Release|Any CPU
	EndGlobalSection
EndGlobal
